
Microsoft Visual Studio Solution File, Format Version 12.00
# Visual Studio Version 17
VisualStudioVersion = 17.3.32929.385
MinimumVisualStudioVersion = 10.0.40219.1
Project("{9A19103F-16F7-4668-BE54-9A1E7A4F7556}") = "GbsoDev.TechTest.Library.Wal", "GbsoDev.TechTest.Library.Wal\GbsoDev.TechTest.Library.Wal.csproj", "{23155CEB-13A3-4777-AF26-DDE845FF4739}"
EndProject
Project("{9A19103F-16F7-4668-BE54-9A1E7A4F7556}") = "GbsoDev.TechTest.Library.El", "GbsoDev.TechTest.Library.El\GbsoDev.TechTest.Library.El.csproj", "{DD8119F6-163C-4060-B75B-613DA15B8E23}"
EndProject
Project("{9A19103F-16F7-4668-BE54-9A1E7A4F7556}") = "GbsoDev.TechTest.Library.Dal", "GbsoDev.TechTest.Library.Dal\GbsoDev.TechTest.Library.Dal.csproj", "{AF9568AD-4B79-4D60-9B6D-01AA44D3EFB1}"
EndProject
Global
	GlobalSection(SolutionConfigurationPlatforms) = preSolution
		Debug|Any CPU = Debug|Any CPU
		Release|Any CPU = Release|Any CPU
	EndGlobalSection
	GlobalSection(ProjectConfigurationPlatforms) = postSolution
		{23155CEB-13A3-4777-AF26-DDE845FF4739}.Debug|Any CPU.ActiveCfg = Debug|Any CPU
		{23155CEB-13A3-4777-AF26-DDE845FF4739}.Debug|Any CPU.Build.0 = Debug|Any CPU
		{23155CEB-13A3-4777-AF26-DDE845FF4739}.Release|Any CPU.ActiveCfg = Release|Any CPU
		{23155CEB-13A3-4777-AF26-DDE845FF4739}.Release|Any CPU.Build.0 = Release|Any CPU
		{DD8119F6-163C-4060-B75B-613DA15B8E23}.Debug|Any CPU.ActiveCfg = Debug|Any CPU
		{DD8119F6-163C-4060-B75B-613DA15B8E23}.Debug|Any CPU.Build.0 = Debug|Any CPU
		{DD8119F6-163C-4060-B75B-613DA15B8E23}.Release|Any CPU.ActiveCfg = Release|Any CPU
		{DD8119F6-163C-4060-B75B-613DA15B8E23}.Release|Any CPU.Build.0 = Release|Any CPU
		{AF9568AD-4B79-4D60-9B6D-01AA44D3EFB1}.Debug|Any CPU.ActiveCfg = Debug|Any CPU
		{AF9568AD-4B79-4D60-9B6D-01AA44D3EFB1}.Debug|Any CPU.Build.0 = Debug|Any CPU
		{AF9568AD-4B79-4D60-9B6D-01AA44D3EFB1}.Release|Any CPU.ActiveCfg = Release|Any CPU
		{AF9568AD-4B79-4D60-9B6D-01AA44D3EFB1}.Release|Any CPU.Build.0 = Release|Any CPU
	EndGlobalSection
	GlobalSection(SolutionProperties) = preSolution
		HideSolutionNode = FALSE
	EndGlobalSection
	GlobalSection(ExtensibilityGlobals) = postSolution
		SolutionGuid = {C492F1EC-8310-4729-B27A-AD9609A434BE}
	EndGlobalSection
EndGlobal
